
Microsoft Visual Studio Solution File, Format Version 12.00
Project("{2150E333-8FDC-42A3-9474-1A3956D46DE8}") = "src", "src", "{0091FA8C-A4D7-4437-A9AB-2310B80360DE}"
EndProject
Project("{2150E333-8FDC-42A3-9474-1A3956D46DE8}") = "test", "test", "{ED91051A-1D07-449D-9982-43EB5CE8695F}"
EndProject
Project("{FAE04EC0-301F-11D3-BF4B-00C04F79EFBC}") = "FlakyTest.XUnit", "src\FlakyTest.XUnit\FlakyTest.XUnit.csproj", "{49E7B846-4BD4-4E25-99B7-65126D77C819}"
EndProject
Project("{FAE04EC0-301F-11D3-BF4B-00C04F79EFBC}") = "FlakyTest.XUnit.Tests.Unit", "test\FlakyTest.XUnit.Tests.Unit\FlakyTest.XUnit.Tests.Unit.csproj", "{DD10C6FC-484B-47BD-A390-A4CB5A2AC87B}"
EndProject
Global
	GlobalSection(SolutionConfigurationPlatforms) = preSolution
		Debug|Any CPU = Debug|Any CPU
		Release|Any CPU = Release|Any CPU
	EndGlobalSection
	GlobalSection(ProjectConfigurationPlatforms) = postSolution
		{49E7B846-4BD4-4E25-99B7-65126D77C819}.Debug|Any CPU.ActiveCfg = Debug|Any CPU
		{49E7B846-4BD4-4E25-99B7-65126D77C819}.Debug|Any CPU.Build.0 = Debug|Any CPU
		{49E7B846-4BD4-4E25-99B7-65126D77C819}.Release|Any CPU.ActiveCfg = Release|Any CPU
		{49E7B846-4BD4-4E25-99B7-65126D77C819}.Release|Any CPU.Build.0 = Release|Any CPU
		{DD10C6FC-484B-47BD-A390-A4CB5A2AC87B}.Debug|Any CPU.ActiveCfg = Debug|Any CPU
		{DD10C6FC-484B-47BD-A390-A4CB5A2AC87B}.Debug|Any CPU.Build.0 = Debug|Any CPU
		{DD10C6FC-484B-47BD-A390-A4CB5A2AC87B}.Release|Any CPU.ActiveCfg = Release|Any CPU
		{DD10C6FC-484B-47BD-A390-A4CB5A2AC87B}.Release|Any CPU.Build.0 = Release|Any CPU
	EndGlobalSection
	GlobalSection(NestedProjects) = preSolution
		{49E7B846-4BD4-4E25-99B7-65126D77C819} = {0091FA8C-A4D7-4437-A9AB-2310B80360DE}
		{DD10C6FC-484B-47BD-A390-A4CB5A2AC87B} = {ED91051A-1D07-449D-9982-43EB5CE8695F}
	EndGlobalSection
EndGlobal
